// !$*UTF8*$!
{
	archiveVersion = 1;
	classes = {
	};
	objectVersion = 46;
	objects = {

/* Begin PBXBuildFile section */
		62A90288182058EB0021EC3D /* Foundation.framework in Frameworks */ = {isa = PBXBuildFile; fileRef = 62A90287182058EB0021EC3D /* Foundation.framework */; };
		62A9028A182058EB0021EC3D /* CoreGraphics.framework in Frameworks */ = {isa = PBXBuildFile; fileRef = 62A90289182058EB0021EC3D /* CoreGraphics.framework */; };
		62A9028C182058EB0021EC3D /* UIKit.framework in Frameworks */ = {isa = PBXBuildFile; fileRef = 62A9028B182058EB0021EC3D /* UIKit.framework */; };
		62A90292182058EB0021EC3D /* InfoPlist.strings in Resources */ = {isa = PBXBuildFile; fileRef = 62A90290182058EB0021EC3D /* InfoPlist.strings */; };
		62A90294182058EB0021EC3D /* main.m in Sources */ = {isa = PBXBuildFile; fileRef = 62A90293182058EB0021EC3D /* main.m */; };
		62A90298182058EB0021EC3D /* BCAppDelegate.m in Sources */ = {isa = PBXBuildFile; fileRef = 62A90297182058EB0021EC3D /* BCAppDelegate.m */; };
		62A9029B182058EB0021EC3D /* Main.storyboard in Resources */ = {isa = PBXBuildFile; fileRef = 62A90299182058EB0021EC3D /* Main.storyboard */; };
		62A9029E182058EB0021EC3D /* BCViewController.m in Sources */ = {isa = PBXBuildFile; fileRef = 62A9029D182058EB0021EC3D /* BCViewController.m */; };
		62A902A0182058EB0021EC3D /* Images.xcassets in Resources */ = {isa = PBXBuildFile; fileRef = 62A9029F182058EB0021EC3D /* Images.xcassets */; };
		62A902A7182058EB0021EC3D /* XCTest.framework in Frameworks */ = {isa = PBXBuildFile; fileRef = 62A902A6182058EB0021EC3D /* XCTest.framework */; };
		62A902A8182058EB0021EC3D /* Foundation.framework in Frameworks */ = {isa = PBXBuildFile; fileRef = 62A90287182058EB0021EC3D /* Foundation.framework */; };
		62A902A9182058EB0021EC3D /* UIKit.framework in Frameworks */ = {isa = PBXBuildFile; fileRef = 62A9028B182058EB0021EC3D /* UIKit.framework */; };
		62A902B1182058EB0021EC3D /* InfoPlist.strings in Resources */ = {isa = PBXBuildFile; fileRef = 62A902AF182058EB0021EC3D /* InfoPlist.strings */; };
		62A902B3182058EB0021EC3D /* BlissChatTests.m in Sources */ = {isa = PBXBuildFile; fileRef = 62A902B2182058EB0021EC3D /* BlissChatTests.m */; };
		62A902C1182059450021EC3D /* Smooth_Line_ViewViewController.m in Sources */ = {isa = PBXBuildFile; fileRef = 62A902BD182059450021EC3D /* Smooth_Line_ViewViewController.m */; };
		62A902C2182059460021EC3D /* Smooth_Line_ViewViewController.xib in Resources */ = {isa = PBXBuildFile; fileRef = 62A902BE182059450021EC3D /* Smooth_Line_ViewViewController.xib */; };
		62A902C3182059460021EC3D /* SmoothLineView.m in Sources */ = {isa = PBXBuildFile; fileRef = 62A902C0182059450021EC3D /* SmoothLineView.m */; };
		62DFFD11182441A60091465D /* BCMessageCell.m in Sources */ = {isa = PBXBuildFile; fileRef = 62DFFD10182441A60091465D /* BCMessageCell.m */; };
/* End PBXBuildFile section */

/* Begin PBXContainerItemProxy section */
		62A902AA182058EB0021EC3D /* PBXContainerItemProxy */ = {
			isa = PBXContainerItemProxy;
			containerPortal = 62A9027C182058EB0021EC3D /* Project object */;
			proxyType = 1;
			remoteGlobalIDString = 62A90283182058EB0021EC3D;
			remoteInfo = BlissChat;
		};
/* End PBXContainerItemProxy section */

/* Begin PBXFileReference section */
		62A90284182058EB0021EC3D /* BlissChat.app */ = {isa = PBXFileReference; explicitFileType = wrapper.application; includeInIndex = 0; path = BlissChat.app; sourceTree = BUILT_PRODUCTS_DIR; };
		62A90287182058EB0021EC3D /* Foundation.framework */ = {isa = PBXFileReference; lastKnownFileType = wrapper.framework; name = Foundation.framework; path = System/Library/Frameworks/Foundation.framework; sourceTree = SDKROOT; };
		62A90289182058EB0021EC3D /* CoreGraphics.framework */ = {isa = PBXFileReference; lastKnownFileType = wrapper.framework; name = CoreGraphics.framework; path = System/Library/Frameworks/CoreGraphics.framework; sourceTree = SDKROOT; };
		62A9028B182058EB0021EC3D /* UIKit.framework */ = {isa = PBXFileReference; lastKnownFileType = wrapper.framework; name = UIKit.framework; path = System/Library/Frameworks/UIKit.framework; sourceTree = SDKROOT; };
		62A9028F182058EB0021EC3D /* BlissChat-Info.plist */ = {isa = PBXFileReference; lastKnownFileType = text.plist.xml; path = "BlissChat-Info.plist"; sourceTree = "<group>"; };
		62A90291182058EB0021EC3D /* en */ = {isa = PBXFileReference; lastKnownFileType = text.plist.strings; name = en; path = en.lproj/InfoPlist.strings; sourceTree = "<group>"; };
		62A90293182058EB0021EC3D /* main.m */ = {isa = PBXFileReference; lastKnownFileType = sourcecode.c.objc; path = main.m; sourceTree = "<group>"; };
		62A90295182058EB0021EC3D /* BlissChat-Prefix.pch */ = {isa = PBXFileReference; lastKnownFileType = sourcecode.c.h; path = "BlissChat-Prefix.pch"; sourceTree = "<group>"; };
		62A90296182058EB0021EC3D /* BCAppDelegate.h */ = {isa = PBXFileReference; lastKnownFileType = sourcecode.c.h; path = BCAppDelegate.h; sourceTree = "<group>"; };
		62A90297182058EB0021EC3D /* BCAppDelegate.m */ = {isa = PBXFileReference; lastKnownFileType = sourcecode.c.objc; path = BCAppDelegate.m; sourceTree = "<group>"; };
		62A9029A182058EB0021EC3D /* Base */ = {isa = PBXFileReference; lastKnownFileType = file.storyboard; name = Base; path = Base.lproj/Main.storyboard; sourceTree = "<group>"; };
		62A9029C182058EB0021EC3D /* BCViewController.h */ = {isa = PBXFileReference; lastKnownFileType = sourcecode.c.h; path = BCViewController.h; sourceTree = "<group>"; };
		62A9029D182058EB0021EC3D /* BCViewController.m */ = {isa = PBXFileReference; lastKnownFileType = sourcecode.c.objc; path = BCViewController.m; sourceTree = "<group>"; };
		62A9029F182058EB0021EC3D /* Images.xcassets */ = {isa = PBXFileReference; lastKnownFileType = folder.assetcatalog; path = Images.xcassets; sourceTree = "<group>"; };
		62A902A5182058EB0021EC3D /* BlissChatTests.xctest */ = {isa = PBXFileReference; explicitFileType = wrapper.cfbundle; includeInIndex = 0; path = BlissChatTests.xctest; sourceTree = BUILT_PRODUCTS_DIR; };
		62A902A6182058EB0021EC3D /* XCTest.framework */ = {isa = PBXFileReference; lastKnownFileType = wrapper.framework; name = XCTest.framework; path = Library/Frameworks/XCTest.framework; sourceTree = DEVELOPER_DIR; };
		62A902AE182058EB0021EC3D /* BlissChatTests-Info.plist */ = {isa = PBXFileReference; lastKnownFileType = text.plist.xml; path = "BlissChatTests-Info.plist"; sourceTree = "<group>"; };
		62A902B0182058EB0021EC3D /* en */ = {isa = PBXFileReference; lastKnownFileType = text.plist.strings; name = en; path = en.lproj/InfoPlist.strings; sourceTree = "<group>"; };
		62A902B2182058EB0021EC3D /* BlissChatTests.m */ = {isa = PBXFileReference; lastKnownFileType = sourcecode.c.objc; path = BlissChatTests.m; sourceTree = "<group>"; };
		62A902BC182059450021EC3D /* Smooth_Line_ViewViewController.h */ = {isa = PBXFileReference; fileEncoding = 4; lastKnownFileType = sourcecode.c.h; path = Smooth_Line_ViewViewController.h; sourceTree = "<group>"; };
		62A902BD182059450021EC3D /* Smooth_Line_ViewViewController.m */ = {isa = PBXFileReference; fileEncoding = 4; lastKnownFileType = sourcecode.c.objc; path = Smooth_Line_ViewViewController.m; sourceTree = "<group>"; };
		62A902BE182059450021EC3D /* Smooth_Line_ViewViewController.xib */ = {isa = PBXFileReference; fileEncoding = 4; lastKnownFileType = file.xib; path = Smooth_Line_ViewViewController.xib; sourceTree = "<group>"; };
		62A902BF182059450021EC3D /* SmoothLineView.h */ = {isa = PBXFileReference; fileEncoding = 4; lastKnownFileType = sourcecode.c.h; path = SmoothLineView.h; sourceTree = "<group>"; };
		62A902C0182059450021EC3D /* SmoothLineView.m */ = {isa = PBXFileReference; fileEncoding = 4; lastKnownFileType = sourcecode.c.objc; path = SmoothLineView.m; sourceTree = "<group>"; };
		62DFFD0F182441A60091465D /* BCMessageCell.h */ = {isa = PBXFileReference; fileEncoding = 4; lastKnownFileType = sourcecode.c.h; path = BCMessageCell.h; sourceTree = "<group>"; };
		62DFFD10182441A60091465D /* BCMessageCell.m */ = {isa = PBXFileReference; fileEncoding = 4; lastKnownFileType = sourcecode.c.objc; path = BCMessageCell.m; sourceTree = "<group>"; };
/* End PBXFileReference section */

/* Begin PBXFrameworksBuildPhase section */
		62A90281182058EB0021EC3D /* Frameworks */ = {
			isa = PBXFrameworksBuildPhase;
			buildActionMask = 2147483647;
			files = (
				62A9028A182058EB0021EC3D /* CoreGraphics.framework in Frameworks */,
				62A9028C182058EB0021EC3D /* UIKit.framework in Frameworks */,
				62A90288182058EB0021EC3D /* Foundation.framework in Frameworks */,
			);
			runOnlyForDeploymentPostprocessing = 0;
		};
		62A902A2182058EB0021EC3D /* Frameworks */ = {
			isa = PBXFrameworksBuildPhase;
			buildActionMask = 2147483647;
			files = (
				62A902A7182058EB0021EC3D /* XCTest.framework in Frameworks */,
				62A902A9182058EB0021EC3D /* UIKit.framework in Frameworks */,
				62A902A8182058EB0021EC3D /* Foundation.framework in Frameworks */,
			);
			runOnlyForDeploymentPostprocessing = 0;
		};
/* End PBXFrameworksBuildPhase section */

/* Begin PBXGroup section */
		62A9027B182058EB0021EC3D = {
			isa = PBXGroup;
			children = (
				62A9028D182058EB0021EC3D /* BlissChat */,
				62A902AC182058EB0021EC3D /* BlissChatTests */,
				62A90286182058EB0021EC3D /* Frameworks */,
				62A90285182058EB0021EC3D /* Products */,
			);
			sourceTree = "<group>";
		};
		62A90285182058EB0021EC3D /* Products */ = {
			isa = PBXGroup;
			children = (
				62A90284182058EB0021EC3D /* BlissChat.app */,
				62A902A5182058EB0021EC3D /* BlissChatTests.xctest */,
			);
			name = Products;
			sourceTree = "<group>";
		};
		62A90286182058EB0021EC3D /* Frameworks */ = {
			isa = PBXGroup;
			children = (
				62A90287182058EB0021EC3D /* Foundation.framework */,
				62A90289182058EB0021EC3D /* CoreGraphics.framework */,
				62A9028B182058EB0021EC3D /* UIKit.framework */,
				62A902A6182058EB0021EC3D /* XCTest.framework */,
			);
			name = Frameworks;
			sourceTree = "<group>";
		};
		62A9028D182058EB0021EC3D /* BlissChat */ = {
			isa = PBXGroup;
			children = (
				62A90299182058EB0021EC3D /* Main.storyboard */,
				62A90296182058EB0021EC3D /* BCAppDelegate.h */,
				62A90297182058EB0021EC3D /* BCAppDelegate.m */,
				62DFFD0F182441A60091465D /* BCMessageCell.h */,
				62DFFD10182441A60091465D /* BCMessageCell.m */,
				62A9029C182058EB0021EC3D /* BCViewController.h */,
				62A9029D182058EB0021EC3D /* BCViewController.m */,
				62A902C4182059530021EC3D /* SmoothLineView */,
				62A9029F182058EB0021EC3D /* Images.xcassets */,
				62A9028E182058EB0021EC3D /* Supporting Files */,
			);
			path = BlissChat;
			sourceTree = "<group>";
		};
		62A9028E182058EB0021EC3D /* Supporting Files */ = {
			isa = PBXGroup;
			children = (
				62A9028F182058EB0021EC3D /* BlissChat-Info.plist */,
				62A90290182058EB0021EC3D /* InfoPlist.strings */,
				62A90293182058EB0021EC3D /* main.m */,
				62A90295182058EB0021EC3D /* BlissChat-Prefix.pch */,
			);
			name = "Supporting Files";
			sourceTree = "<group>";
		};
		62A902AC182058EB0021EC3D /* BlissChatTests */ = {
			isa = PBXGroup;
			children = (
				62A902B2182058EB0021EC3D /* BlissChatTests.m */,
				62A902AD182058EB0021EC3D /* Supporting Files */,
			);
			path = BlissChatTests;
			sourceTree = "<group>";
		};
		62A902AD182058EB0021EC3D /* Supporting Files */ = {
			isa = PBXGroup;
			children = (
				62A902AE182058EB0021EC3D /* BlissChatTests-Info.plist */,
				62A902AF182058EB0021EC3D /* InfoPlist.strings */,
			);
			name = "Supporting Files";
			sourceTree = "<group>";
		};
		62A902C4182059530021EC3D /* SmoothLineView */ = {
			isa = PBXGroup;
			children = (
				62A902BC182059450021EC3D /* Smooth_Line_ViewViewController.h */,
				62A902BD182059450021EC3D /* Smooth_Line_ViewViewController.m */,
				62A902BE182059450021EC3D /* Smooth_Line_ViewViewController.xib */,
				62A902BF182059450021EC3D /* SmoothLineView.h */,
				62A902C0182059450021EC3D /* SmoothLineView.m */,
			);
			name = SmoothLineView;
			sourceTree = "<group>";
		};
/* End PBXGroup section */

/* Begin PBXNativeTarget section */
		62A90283182058EB0021EC3D /* BlissChat */ = {
			isa = PBXNativeTarget;
			buildConfigurationList = 62A902B6182058EB0021EC3D /* Build configuration list for PBXNativeTarget "BlissChat" */;
			buildPhases = (
				62A90280182058EB0021EC3D /* Sources */,
				62A90281182058EB0021EC3D /* Frameworks */,
				62A90282182058EB0021EC3D /* Resources */,
			);
			buildRules = (
			);
			dependencies = (
			);
			name = BlissChat;
			productName = BlissChat;
			productReference = 62A90284182058EB0021EC3D /* BlissChat.app */;
			productType = "com.apple.product-type.application";
		};
		62A902A4182058EB0021EC3D /* BlissChatTests */ = {
			isa = PBXNativeTarget;
			buildConfigurationList = 62A902B9182058EB0021EC3D /* Build configuration list for PBXNativeTarget "BlissChatTests" */;
			buildPhases = (
				62A902A1182058EB0021EC3D /* Sources */,
				62A902A2182058EB0021EC3D /* Frameworks */,
				62A902A3182058EB0021EC3D /* Resources */,
			);
			buildRules = (
			);
			dependencies = (
				62A902AB182058EB0021EC3D /* PBXTargetDependency */,
			);
			name = BlissChatTests;
			productName = BlissChatTests;
			productReference = 62A902A5182058EB0021EC3D /* BlissChatTests.xctest */;
			productType = "com.apple.product-type.bundle.unit-test";
		};
/* End PBXNativeTarget section */

/* Begin PBXProject section */
		62A9027C182058EB0021EC3D /* Project object */ = {
			isa = PBXProject;
			attributes = {
				CLASSPREFIX = BC;
				LastUpgradeCheck = 0500;
				ORGANIZATIONNAME = "Owen Campbell-Moore";
				TargetAttributes = {
					62A902A4182058EB0021EC3D = {
						TestTargetID = 62A90283182058EB0021EC3D;
					};
				};
			};
			buildConfigurationList = 62A9027F182058EB0021EC3D /* Build configuration list for PBXProject "BlissChat" */;
			compatibilityVersion = "Xcode 3.2";
			developmentRegion = English;
			hasScannedForEncodings = 0;
			knownRegions = (
				en,
				Base,
			);
			mainGroup = 62A9027B182058EB0021EC3D;
			productRefGroup = 62A90285182058EB0021EC3D /* Products */;
			projectDirPath = "";
			projectRoot = "";
			targets = (
				62A90283182058EB0021EC3D /* BlissChat */,
				62A902A4182058EB0021EC3D /* BlissChatTests */,
			);
		};
/* End PBXProject section */

/* Begin PBXResourcesBuildPhase section */
		62A90282182058EB0021EC3D /* Resources */ = {
			isa = PBXResourcesBuildPhase;
			buildActionMask = 2147483647;
			files = (
				62A902A0182058EB0021EC3D /* Images.xcassets in Resources */,
				62A902C2182059460021EC3D /* Smooth_Line_ViewViewController.xib in Resources */,
				62A90292182058EB0021EC3D /* InfoPlist.strings in Resources */,
				62A9029B182058EB0021EC3D /* Main.storyboard in Resources */,
			);
			runOnlyForDeploymentPostprocessing = 0;
		};
		62A902A3182058EB0021EC3D /* Resources */ = {
			isa = PBXResourcesBuildPhase;
			buildActionMask = 2147483647;
			files = (
				62A902B1182058EB0021EC3D /* InfoPlist.strings in Resources */,
			);
			runOnlyForDeploymentPostprocessing = 0;
		};
/* End PBXResourcesBuildPhase section */

/* Begin PBXSourcesBuildPhase section */
		62A90280182058EB0021EC3D /* Sources */ = {
			isa = PBXSourcesBuildPhase;
			buildActionMask = 2147483647;
			files = (
				62DFFD11182441A60091465D /* BCMessageCell.m in Sources */,
				62A902C3182059460021EC3D /* SmoothLineView.m in Sources */,
				62A9029E182058EB0021EC3D /* BCViewController.m in Sources */,
				62A90294182058EB0021EC3D /* main.m in Sources */,
				62A902C1182059450021EC3D /* Smooth_Line_ViewViewController.m in Sources */,
				62A90298182058EB0021EC3D /* BCAppDelegate.m in Sources */,
			);
			runOnlyForDeploymentPostprocessing = 0;
		};
		62A902A1182058EB0021EC3D /* Sources */ = {
			isa = PBXSourcesBuildPhase;
			buildActionMask = 2147483647;
			files = (
				62A902B3182058EB0021EC3D /* BlissChatTests.m in Sources */,
			);
			runOnlyForDeploymentPostprocessing = 0;
		};
/* End PBXSourcesBuildPhase section */

/* Begin PBXTargetDependency section */
		62A902AB182058EB0021EC3D /* PBXTargetDependency */ = {
			isa = PBXTargetDependency;
			target = 62A90283182058EB0021EC3D /* BlissChat */;
			targetProxy = 62A902AA182058EB0021EC3D /* PBXContainerItemProxy */;
		};
/* End PBXTargetDependency section */

/* Begin PBXVariantGroup section */
		62A90290182058EB0021EC3D /* InfoPlist.strings */ = {
			isa = PBXVariantGroup;
			children = (
				62A90291182058EB0021EC3D /* en */,
			);
			name = InfoPlist.strings;
			sourceTree = "<group>";
		};
		62A90299182058EB0021EC3D /* Main.storyboard */ = {
			isa = PBXVariantGroup;
			children = (
				62A9029A182058EB0021EC3D /* Base */,
			);
			name = Main.storyboard;
			sourceTree = "<group>";
		};
		62A902AF182058EB0021EC3D /* InfoPlist.strings */ = {
			isa = PBXVariantGroup;
			children = (
				62A902B0182058EB0021EC3D /* en */,
			);
			name = InfoPlist.strings;
			sourceTree = "<group>";
		};
/* End PBXVariantGroup section */

/* Begin XCBuildConfiguration section */
		62A902B4182058EB0021EC3D /* Debug */ = {
			isa = XCBuildConfiguration;
			buildSettings = {
				ALWAYS_SEARCH_USER_PATHS = NO;
				ARCHS = "$(ARCHS_STANDARD_INCLUDING_64_BIT)";
				CLANG_CXX_LANGUAGE_STANDARD = "gnu++0x";
				CLANG_CXX_LIBRARY = "libc++";
				CLANG_ENABLE_MODULES = YES;
				CLANG_ENABLE_OBJC_ARC = YES;
				CLANG_WARN_BOOL_CONVERSION = YES;
				CLANG_WARN_CONSTANT_CONVERSION = YES;
				CLANG_WARN_DIRECT_OBJC_ISA_USAGE = YES_ERROR;
				CLANG_WARN_EMPTY_BODY = YES;
				CLANG_WARN_ENUM_CONVERSION = YES;
				CLANG_WARN_INT_CONVERSION = YES;
				CLANG_WARN_OBJC_ROOT_CLASS = YES_ERROR;
				CLANG_WARN__DUPLICATE_METHOD_MATCH = YES;
				"CODE_SIGN_IDENTITY[sdk=iphoneos*]" = "iPhone Developer";
				COPY_PHASE_STRIP = NO;
				GCC_C_LANGUAGE_STANDARD = gnu99;
				GCC_DYNAMIC_NO_PIC = NO;
				GCC_OPTIMIZATION_LEVEL = 0;
				GCC_PREPROCESSOR_DEFINITIONS = (
					"DEBUG=1",
					"$(inherited)",
				);
				GCC_SYMBOLS_PRIVATE_EXTERN = NO;
				GCC_WARN_64_TO_32_BIT_CONVERSION = YES;
				GCC_WARN_ABOUT_RETURN_TYPE = YES_ERROR;
				GCC_WARN_UNDECLARED_SELECTOR = YES;
				GCC_WARN_UNINITIALIZED_AUTOS = YES;
				GCC_WARN_UNUSED_FUNCTION = YES;
				GCC_WARN_UNUSED_VARIABLE = YES;
				IPHONEOS_DEPLOYMENT_TARGET = 7.0;
				ONLY_ACTIVE_ARCH = YES;
				SDKROOT = iphoneos;
				TARGETED_DEVICE_FAMILY = 2;
			};
			name = Debug;
		};
		62A902B5182058EB0021EC3D /* Release */ = {
			isa = XCBuildConfiguration;
			buildSettings = {
				ALWAYS_SEARCH_USER_PATHS = NO;
				ARCHS = "$(ARCHS_STANDARD_INCLUDING_64_BIT)";
				CLANG_CXX_LANGUAGE_STANDARD = "gnu++0x";
				CLANG_CXX_LIBRARY = "libc++";
				CLANG_ENABLE_MODULES = YES;
				CLANG_ENABLE_OBJC_ARC = YES;
				CLANG_WARN_BOOL_CONVERSION = YES;
				CLANG_WARN_CONSTANT_CONVERSION = YES;
				CLANG_WARN_DIRECT_OBJC_ISA_USAGE = YES_ERROR;
				CLANG_WARN_EMPTY_BODY = YES;
				CLANG_WARN_ENUM_CONVERSION = YES;
				CLANG_WARN_INT_CONVERSION = YES;
				CLANG_WARN_OBJC_ROOT_CLASS = YES_ERROR;
				CLANG_WARN__DUPLICATE_METHOD_MATCH = YES;
				"CODE_SIGN_IDENTITY[sdk=iphoneos*]" = "iPhone Developer";
				COPY_PHASE_STRIP = YES;
				ENABLE_NS_ASSERTIONS = NO;
				GCC_C_LANGUAGE_STANDARD = gnu99;
				GCC_WARN_64_TO_32_BIT_CONVERSION = YES;
				GCC_WARN_ABOUT_RETURN_TYPE = YES_ERROR;
				GCC_WARN_UNDECLARED_SELECTOR = YES;
				GCC_WARN_UNINITIALIZED_AUTOS = YES;
				GCC_WARN_UNUSED_FUNCTION = YES;
				GCC_WARN_UNUSED_VARIABLE = YES;
				IPHONEOS_DEPLOYMENT_TARGET = 7.0;
				SDKROOT = iphoneos;
				TARGETED_DEVICE_FAMILY = 2;
				VALIDATE_PRODUCT = YES;
			};
			name = Release;
		};
		62A902B7182058EB0021EC3D /* Debug */ = {
			isa = XCBuildConfiguration;
			buildSettings = {
				ASSETCATALOG_COMPILER_APPICON_NAME = AppIcon;
				ASSETCATALOG_COMPILER_LAUNCHIMAGE_NAME = LaunchImage;
				GCC_PRECOMPILE_PREFIX_HEADER = YES;
				GCC_PREFIX_HEADER = "BlissChat/BlissChat-Prefix.pch";
				INFOPLIST_FILE = "BlissChat/BlissChat-Info.plist";
				PRODUCT_NAME = "$(TARGET_NAME)";
				WRAPPER_EXTENSION = app;
			};
			name = Debug;
		};
		62A902B8182058EB0021EC3D /* Release */ = {
			isa = XCBuildConfiguration;
			buildSettings = {
				ASSETCATALOG_COMPILER_APPICON_NAME = AppIcon;
				ASSETCATALOG_COMPILER_LAUNCHIMAGE_NAME = LaunchImage;
				GCC_PRECOMPILE_PREFIX_HEADER = YES;
				GCC_PREFIX_HEADER = "BlissChat/BlissChat-Prefix.pch";
				INFOPLIST_FILE = "BlissChat/BlissChat-Info.plist";
				PRODUCT_NAME = "$(TARGET_NAME)";
				WRAPPER_EXTENSION = app;
			};
			name = Release;
		};
		62A902BA182058EB0021EC3D /* Debug */ = {
			isa = XCBuildConfiguration;
			buildSettings = {
				ARCHS = "$(ARCHS_STANDARD_INCLUDING_64_BIT)";
				BUNDLE_LOADER = "$(BUILT_PRODUCTS_DIR)/BlissChat.app/BlissChat";
				FRAMEWORK_SEARCH_PATHS = (
					"$(SDKROOT)/Developer/Library/Frameworks",
					"$(inherited)",
					"$(DEVELOPER_FRAMEWORKS_DIR)",
				);
				GCC_PRECOMPILE_PREFIX_HEADER = YES;
				GCC_PREFIX_HEADER = "BlissChat/BlissChat-Prefix.pch";
				GCC_PREPROCESSOR_DEFINITIONS = (
					"DEBUG=1",
					"$(inherited)",
				);
				INFOPLIST_FILE = "BlissChatTests/BlissChatTests-Info.plist";
				PRODUCT_NAME = "$(TARGET_NAME)";
				TEST_HOST = "$(BUNDLE_LOADER)";
				WRAPPER_EXTENSION = xctest;
			};
			name = Debug;
		};
		62A902BB182058EB0021EC3D /* Release */ = {
			isa = XCBuildConfiguration;
			buildSettings = {
				ARCHS = "$(ARCHS_STANDARD_INCLUDING_64_BIT)";
				BUNDLE_LOADER = "$(BUILT_PRODUCTS_DIR)/BlissChat.app/BlissChat";
				FRAMEWORK_SEARCH_PATHS = (
					"$(SDKROOT)/Developer/Library/Frameworks",
					"$(inherited)",
					"$(DEVELOPER_FRAMEWORKS_DIR)",
				);
				GCC_PRECOMPILE_PREFIX_HEADER = YES;
				GCC_PREFIX_HEADER = "BlissChat/BlissChat-Prefix.pch";
				INFOPLIST_FILE = "BlissChatTests/BlissChatTests-Info.plist";
				PRODUCT_NAME = "$(TARGET_NAME)";
				TEST_HOST = "$(BUNDLE_LOADER)";
				WRAPPER_EXTENSION = xctest;
			};
			name = Release;
		};
/* End XCBuildConfiguration section */

/* Begin XCConfigurationList section */
		62A9027F182058EB0021EC3D /* Build configuration list for PBXProject "BlissChat" */ = {
			isa = XCConfigurationList;
			buildConfigurations = (
				62A902B4182058EB0021EC3D /* Debug */,
				62A902B5182058EB0021EC3D /* Release */,
			);
			defaultConfigurationIsVisible = 0;
			defaultConfigurationName = Release;
		};
		62A902B6182058EB0021EC3D /* Build configuration list for PBXNativeTarget "BlissChat" */ = {
			isa = XCConfigurationList;
			buildConfigurations = (
				62A902B7182058EB0021EC3D /* Debug */,
				62A902B8182058EB0021EC3D /* Release */,
			);
			defaultConfigurationIsVisible = 0;
			defaultConfigurationName = Release;
		};
		62A902B9182058EB0021EC3D /* Build configuration list for PBXNativeTarget "BlissChatTests" */ = {
			isa = XCConfigurationList;
			buildConfigurations = (
				62A902BA182058EB0021EC3D /* Debug */,
				62A902BB182058EB0021EC3D /* Release */,
			);
			defaultConfigurationIsVisible = 0;
			defaultConfigurationName = Release;
		};
/* End XCConfigurationList section */
	};
	rootObject = 62A9027C182058EB0021EC3D /* Project object */;
}
